
Microsoft Visual Studio Solution File, Format Version 12.00
# Visual Studio 14
VisualStudioVersion = 14.0.25420.1
MinimumVisualStudioVersion = 10.0.40219.1
Project("{2150E333-8FDC-42A3-9474-1A3956D46DE8}") = "src", "src", "{9E1ED2C4-9A91-4D80-AEE1-1227B82664F2}"
EndProject
Project("{2150E333-8FDC-42A3-9474-1A3956D46DE8}") = "Solution Items", "Solution Items", "{51880992-5845-4C00-BFA0-6FF95EEA6A9A}"
	ProjectSection(SolutionItems) = preProject
		global.json = global.json
	EndProjectSection
EndProject
Project("{8BB2217D-0F2D-49D1-97BC-3654ED321F3B}") = "WorldTraveler", "src\WorldTraveler\WorldTraveler.xproj", "{1C1DD774-CFF2-46DE-99B2-0A7DD9232336}"
EndProject
Global
	GlobalSection(SolutionConfigurationPlatforms) = preSolution
		Debug|Any CPU = Debug|Any CPU
		Release|Any CPU = Release|Any CPU
	EndGlobalSection
	GlobalSection(ProjectConfigurationPlatforms) = postSolution
		{1C1DD774-CFF2-46DE-99B2-0A7DD9232336}.Debug|Any CPU.ActiveCfg = Debug|Any CPU
		{1C1DD774-CFF2-46DE-99B2-0A7DD9232336}.Debug|Any CPU.Build.0 = Debug|Any CPU
		{1C1DD774-CFF2-46DE-99B2-0A7DD9232336}.Release|Any CPU.ActiveCfg = Release|Any CPU
		{1C1DD774-CFF2-46DE-99B2-0A7DD9232336}.Release|Any CPU.Build.0 = Release|Any CPU
	EndGlobalSection
	GlobalSection(SolutionProperties) = preSolution
		HideSolutionNode = FALSE
	EndGlobalSection
	GlobalSection(NestedProjects) = preSolution
		{1C1DD774-CFF2-46DE-99B2-0A7DD9232336} = {9E1ED2C4-9A91-4D80-AEE1-1227B82664F2}
	EndGlobalSection
EndGlobal
